
Microsoft Visual Studio Solution File, Format Version 12.00
# Visual Studio 15
VisualStudioVersion = 15.0.28307.329
MinimumVisualStudioVersion = 10.0.40219.1
Project("{FAE04EC0-301F-11D3-BF4B-00C04F79EFBC}") = "WindowsFormsApp3", "WindowsFormsApp3\WindowsFormsApp3.csproj", "{90ABE76C-1A29-4A62-8B16-F45259E3582A}"
EndProject
Global
	GlobalSection(SolutionConfigurationPlatforms) = preSolution
		Debug|Any CPU = Debug|Any CPU
		Release|Any CPU = Release|Any CPU
	EndGlobalSection
	GlobalSection(ProjectConfigurationPlatforms) = postSolution
		{90ABE76C-1A29-4A62-8B16-F45259E3582A}.Debug|Any CPU.ActiveCfg = Debug|Any CPU
		{90ABE76C-1A29-4A62-8B16-F45259E3582A}.Debug|Any CPU.Build.0 = Debug|Any CPU
		{90ABE76C-1A29-4A62-8B16-F45259E3582A}.Release|Any CPU.ActiveCfg = Release|Any CPU
		{90ABE76C-1A29-4A62-8B16-F45259E3582A}.Release|Any CPU.Build.0 = Release|Any CPU
	EndGlobalSection
	GlobalSection(SolutionProperties) = preSolution
		HideSolutionNode = FALSE
	EndGlobalSection
	GlobalSection(ExtensibilityGlobals) = postSolution
		SolutionGuid = {0CE864C6-0886-4643-82F5-79A2E27A72FF}
	EndGlobalSection
EndGlobal
