
Microsoft Visual Studio Solution File, Format Version 12.00
# Visual Studio 15
VisualStudioVersion = 15.0.28307.329
MinimumVisualStudioVersion = 10.0.40219.1
Project("{FAE04EC0-301F-11D3-BF4B-00C04F79EFBC}") = "FormHafta5_05032019", "FormHafta5_05032019\FormHafta5_05032019.csproj", "{3DD25B5F-5A8E-4E13-9290-E7E7E771545E}"
EndProject
Global
	GlobalSection(SolutionConfigurationPlatforms) = preSolution
		Debug|Any CPU = Debug|Any CPU
		Release|Any CPU = Release|Any CPU
	EndGlobalSection
	GlobalSection(ProjectConfigurationPlatforms) = postSolution
		{3DD25B5F-5A8E-4E13-9290-E7E7E771545E}.Debug|Any CPU.ActiveCfg = Debug|Any CPU
		{3DD25B5F-5A8E-4E13-9290-E7E7E771545E}.Debug|Any CPU.Build.0 = Debug|Any CPU
		{3DD25B5F-5A8E-4E13-9290-E7E7E771545E}.Release|Any CPU.ActiveCfg = Release|Any CPU
		{3DD25B5F-5A8E-4E13-9290-E7E7E771545E}.Release|Any CPU.Build.0 = Release|Any CPU
	EndGlobalSection
	GlobalSection(SolutionProperties) = preSolution
		HideSolutionNode = FALSE
	EndGlobalSection
	GlobalSection(ExtensibilityGlobals) = postSolution
		SolutionGuid = {3D69439E-3451-4CFE-BFD6-24E8EE1EF1C3}
	EndGlobalSection
EndGlobal
