
Microsoft Visual Studio Solution File, Format Version 12.00
# Visual Studio 15
VisualStudioVersion = 15.0.28307.329
MinimumVisualStudioVersion = 10.0.40219.1
Project("{FAE04EC0-301F-11D3-BF4B-00C04F79EFBC}") = "FormHafta2_12022019", "FormHafta2_12022019\FormHafta2_12022019.csproj", "{52D21A37-DF67-452E-8016-5F745E93C4E0}"
EndProject
Global
	GlobalSection(SolutionConfigurationPlatforms) = preSolution
		Debug|Any CPU = Debug|Any CPU
		Release|Any CPU = Release|Any CPU
	EndGlobalSection
	GlobalSection(ProjectConfigurationPlatforms) = postSolution
		{52D21A37-DF67-452E-8016-5F745E93C4E0}.Debug|Any CPU.ActiveCfg = Debug|Any CPU
		{52D21A37-DF67-452E-8016-5F745E93C4E0}.Debug|Any CPU.Build.0 = Debug|Any CPU
		{52D21A37-DF67-452E-8016-5F745E93C4E0}.Release|Any CPU.ActiveCfg = Release|Any CPU
		{52D21A37-DF67-452E-8016-5F745E93C4E0}.Release|Any CPU.Build.0 = Release|Any CPU
	EndGlobalSection
	GlobalSection(SolutionProperties) = preSolution
		HideSolutionNode = FALSE
	EndGlobalSection
	GlobalSection(ExtensibilityGlobals) = postSolution
		SolutionGuid = {D69F7F78-366C-4F44-8A9E-409697405E93}
	EndGlobalSection
EndGlobal
